<Solution>
  <Folder Name="/src/">
    <Project Path="src/AppleTV.Companion/AppleTV.Companion.csproj" />
  <Project Path="src/AppleTV.Companion.Discovery/AppleTV.Companion.Discovery.csproj" />
  <Project Path="src/AppleTV.Companion.All/AppleTV.Companion.All.csproj" />
  <Project Path="src/AppleTv.Remote.Wpf/AppleTv.Remote.Wpf.csproj" />
  <Project Path="src/AppleTv.Hap/AppleTv.Hap.csproj" />
  <Project Path="src/AppleTv.Mrp/AppleTv.Mrp.csproj" />
  </Folder>
  <Folder Name="/tests/">
    <Project Path="tests/AppleTV.Companion.FakeDevice/AppleTV.Companion.FakeDevice.csproj" />
    <Project Path="tests/AppleTV.Companion.Tests/AppleTV.Companion.Tests.csproj" />
    <Project Path="tests/AppleTV.Companion.LiveTests/AppleTV.Companion.LiveTests.csproj" />
  <Project Path="tests/AppleTv.Hap.Tests/AppleTv.Hap.Tests.csproj" />
  <Project Path="tests/AppleTv.Mrp.Tests/AppleTv.Mrp.Tests.csproj" />
  </Folder>
  <Folder Name="/tools/">
    <Project Path="tools/AppleTV.Companion.RemoteTool/AppleTV.Companion.RemoteTool.csproj" />
    <Project Path="tools/AppleTV.Companion.ScanTool/AppleTV.Companion.ScanTool.csproj" />
  </Folder>
</Solution>
